
Microsoft Visual Studio Solution File, Format Version 12.00
# Visual Studio Version 16
VisualStudioVersion = 16.0.30907.101
MinimumVisualStudioVersion = 10.0.40219.1
Project("{FAE04EC0-301F-11D3-BF4B-00C04F79EFBC}") = "NetWorks.Core", "NetWorks.Core\NetWorks.Core.csproj", "{E57B71EB-C9AA-44D6-AFFD-CA059BA29072}"
EndProject
Project("{FAE04EC0-301F-11D3-BF4B-00C04F79EFBC}") = "NetWorks.SampleApp", "NetWorks.SampleApp\NetWorks.SampleApp.csproj", "{87D8CD0E-3B7F-4B0F-A27F-62C4962CFB2D}"
EndProject
Global
	GlobalSection(SolutionConfigurationPlatforms) = preSolution
		Debug|Any CPU = Debug|Any CPU
		Release|Any CPU = Release|Any CPU
	EndGlobalSection
	GlobalSection(ProjectConfigurationPlatforms) = postSolution
		{E57B71EB-C9AA-44D6-AFFD-CA059BA29072}.Debug|Any CPU.ActiveCfg = Debug|Any CPU
		{E57B71EB-C9AA-44D6-AFFD-CA059BA29072}.Debug|Any CPU.Build.0 = Debug|Any CPU
		{E57B71EB-C9AA-44D6-AFFD-CA059BA29072}.Release|Any CPU.ActiveCfg = Release|Any CPU
		{E57B71EB-C9AA-44D6-AFFD-CA059BA29072}.Release|Any CPU.Build.0 = Release|Any CPU
		{87D8CD0E-3B7F-4B0F-A27F-62C4962CFB2D}.Debug|Any CPU.ActiveCfg = Debug|Any CPU
		{87D8CD0E-3B7F-4B0F-A27F-62C4962CFB2D}.Debug|Any CPU.Build.0 = Debug|Any CPU
		{87D8CD0E-3B7F-4B0F-A27F-62C4962CFB2D}.Release|Any CPU.ActiveCfg = Release|Any CPU
		{87D8CD0E-3B7F-4B0F-A27F-62C4962CFB2D}.Release|Any CPU.Build.0 = Release|Any CPU
	EndGlobalSection
	GlobalSection(SolutionProperties) = preSolution
		HideSolutionNode = FALSE
	EndGlobalSection
	GlobalSection(ExtensibilityGlobals) = postSolution
		SolutionGuid = {BDD9ED51-53C6-4880-8636-E21219FA4D73}
	EndGlobalSection
EndGlobal
